
Microsoft Visual Studio Solution File, Format Version 12.00
# Visual Studio Version 17
VisualStudioVersion = 17.0.31903.59
MinimumVisualStudioVersion = 10.0.40219.1
Project("{2150E333-8FDC-42A3-9474-1A3956D46DE8}") = "src", "src", "{827E0CD3-B72D-47B6-A68D-7590B98EB39B}"
EndProject
Project("{FAE04EC0-301F-11D3-BF4B-00C04F79EFBC}") = "NTShield.Shared", "src\NTShield.Shared\NTShield.Shared.csproj", "{E1901E9A-BC0F-4251-970C-1D56A90842EA}"
EndProject
Project("{FAE04EC0-301F-11D3-BF4B-00C04F79EFBC}") = "NTShield.Core", "src\NTShield.Core\NTShield.Core.csproj", "{9272250B-2F6D-45D3-8A9E-ECE44AC5C173}"
EndProject
Project("{FAE04EC0-301F-11D3-BF4B-00C04F79EFBC}") = "NTShield.Storage", "src\NTShield.Storage\NTShield.Storage.csproj", "{28CBF673-DC07-4849-BC90-156D59D917D0}"
EndProject
Project("{FAE04EC0-301F-11D3-BF4B-00C04F79EFBC}") = "NTShield.Collectors.Windows", "src\NTShield.Collectors.Windows\NTShield.Collectors.Windows.csproj", "{F11CD43E-688B-4BFA-B653-DF7D599066B4}"
EndProject
Project("{FAE04EC0-301F-11D3-BF4B-00C04F79EFBC}") = "NTShield.Detection", "src\NTShield.Detection\NTShield.Detection.csproj", "{0A98CCA4-1FFE-4DEC-B27C-0DD21920B7CD}"
EndProject
Project("{FAE04EC0-301F-11D3-BF4B-00C04F79EFBC}") = "NTShield.Response", "src\NTShield.Response\NTShield.Response.csproj", "{B237C939-C458-4414-B33B-4969B07E7C14}"
EndProject
Project("{FAE04EC0-301F-11D3-BF4B-00C04F79EFBC}") = "NTShield.Transport", "src\NTShield.Transport\NTShield.Transport.csproj", "{4AE5ED25-BB8B-48B1-9C8C-262D0208FCAF}"
EndProject
Project("{FAE04EC0-301F-11D3-BF4B-00C04F79EFBC}") = "NTShield.Agent", "src\NTShield.Agent\NTShield.Agent.csproj", "{227C8DD6-D078-4229-A666-1FCD1540F56E}"
EndProject
Project("{FAE04EC0-301F-11D3-BF4B-00C04F79EFBC}") = "NTShield.Server", "src\NTShield.Server\NTShield.Server.csproj", "{697B5D54-6388-487E-BD44-43BD3E337200}"
EndProject
Project("{2150E333-8FDC-42A3-9474-1A3956D46DE8}") = "tests", "tests", "{0AB3BF05-4346-4AA6-1389-037BE0695223}"
EndProject
Project("{FAE04EC0-301F-11D3-BF4B-00C04F79EFBC}") = "NTShield.Core.Tests", "tests\NTShield.Core.Tests\NTShield.Core.Tests.csproj", "{C6D1A2C5-7B9F-466A-B684-3ED434E8CF1E}"
EndProject
Project("{FAE04EC0-301F-11D3-BF4B-00C04F79EFBC}") = "NTShield.Detection.Tests", "tests\NTShield.Detection.Tests\NTShield.Detection.Tests.csproj", "{40A6AB44-DF4C-4285-AA08-677C206A9D3D}"
EndProject
Project("{FAE04EC0-301F-11D3-BF4B-00C04F79EFBC}") = "NTShield.Integration.Tests", "tests\NTShield.Integration.Tests\NTShield.Integration.Tests.csproj", "{803E726C-6D47-495B-BBC4-E2EFA054145C}"
EndProject
Project("{FAE04EC0-301F-11D3-BF4B-00C04F79EFBC}") = "NTShield.Dashboard", "src\NTShield.Dashboard\NTShield.Dashboard.csproj", "{97D9A50F-8564-403F-BDEA-264FA898608B}"
EndProject
Project("{FAE04EC0-301F-11D3-BF4B-00C04F79EFBC}") = "NTShield.Agent.Tray", "src\NTShield.Agent.Tray\NTShield.Agent.Tray.csproj", "{FB5C067D-E3D9-4CDD-8DFA-966E0555DB87}"
EndProject
Project("{FAE04EC0-301F-11D3-BF4B-00C04F79EFBC}") = "NTShield.Agent.Linux", "src\NTShield.Agent.Linux\NTShield.Agent.Linux.csproj", "{704E56E4-0055-4664-BC69-12904D053049}"
EndProject
Global
	GlobalSection(SolutionConfigurationPlatforms) = preSolution
		Debug|Any CPU = Debug|Any CPU
		Debug|x64 = Debug|x64
		Debug|x86 = Debug|x86
		Release|Any CPU = Release|Any CPU
		Release|x64 = Release|x64
		Release|x86 = Release|x86
	EndGlobalSection
	GlobalSection(ProjectConfigurationPlatforms) = postSolution
		{E1901E9A-BC0F-4251-970C-1D56A90842EA}.Debug|Any CPU.ActiveCfg = Debug|Any CPU
		{E1901E9A-BC0F-4251-970C-1D56A90842EA}.Debug|Any CPU.Build.0 = Debug|Any CPU
		{E1901E9A-BC0F-4251-970C-1D56A90842EA}.Debug|x64.ActiveCfg = Debug|Any CPU
		{E1901E9A-BC0F-4251-970C-1D56A90842EA}.Debug|x64.Build.0 = Debug|Any CPU
		{E1901E9A-BC0F-4251-970C-1D56A90842EA}.Debug|x86.ActiveCfg = Debug|Any CPU
		{E1901E9A-BC0F-4251-970C-1D56A90842EA}.Debug|x86.Build.0 = Debug|Any CPU
		{E1901E9A-BC0F-4251-970C-1D56A90842EA}.Release|Any CPU.ActiveCfg = Release|Any CPU
		{E1901E9A-BC0F-4251-970C-1D56A90842EA}.Release|Any CPU.Build.0 = Release|Any CPU
		{E1901E9A-BC0F-4251-970C-1D56A90842EA}.Release|x64.ActiveCfg = Release|Any CPU
		{E1901E9A-BC0F-4251-970C-1D56A90842EA}.Release|x64.Build.0 = Release|Any CPU
		{E1901E9A-BC0F-4251-970C-1D56A90842EA}.Release|x86.ActiveCfg = Release|Any CPU
		{E1901E9A-BC0F-4251-970C-1D56A90842EA}.Release|x86.Build.0 = Release|Any CPU
		{9272250B-2F6D-45D3-8A9E-ECE44AC5C173}.Debug|Any CPU.ActiveCfg = Debug|Any CPU
		{9272250B-2F6D-45D3-8A9E-ECE44AC5C173}.Debug|Any CPU.Build.0 = Debug|Any CPU
		{9272250B-2F6D-45D3-8A9E-ECE44AC5C173}.Debug|x64.ActiveCfg = Debug|Any CPU
		{9272250B-2F6D-45D3-8A9E-ECE44AC5C173}.Debug|x64.Build.0 = Debug|Any CPU
		{9272250B-2F6D-45D3-8A9E-ECE44AC5C173}.Debug|x86.ActiveCfg = Debug|Any CPU
		{9272250B-2F6D-45D3-8A9E-ECE44AC5C173}.Debug|x86.Build.0 = Debug|Any CPU
		{9272250B-2F6D-45D3-8A9E-ECE44AC5C173}.Release|Any CPU.ActiveCfg = Release|Any CPU
		{9272250B-2F6D-45D3-8A9E-ECE44AC5C173}.Release|Any CPU.Build.0 = Release|Any CPU
		{9272250B-2F6D-45D3-8A9E-ECE44AC5C173}.Release|x64.ActiveCfg = Release|Any CPU
		{9272250B-2F6D-45D3-8A9E-ECE44AC5C173}.Release|x64.Build.0 = Release|Any CPU
		{9272250B-2F6D-45D3-8A9E-ECE44AC5C173}.Release|x86.ActiveCfg = Release|Any CPU
		{9272250B-2F6D-45D3-8A9E-ECE44AC5C173}.Release|x86.Build.0 = Release|Any CPU
		{28CBF673-DC07-4849-BC90-156D59D917D0}.Debug|Any CPU.ActiveCfg = Debug|Any CPU
		{28CBF673-DC07-4849-BC90-156D59D917D0}.Debug|Any CPU.Build.0 = Debug|Any CPU
		{28CBF673-DC07-4849-BC90-156D59D917D0}.Debug|x64.ActiveCfg = Debug|Any CPU
		{28CBF673-DC07-4849-BC90-156D59D917D0}.Debug|x64.Build.0 = Debug|Any CPU
		{28CBF673-DC07-4849-BC90-156D59D917D0}.Debug|x86.ActiveCfg = Debug|Any CPU
		{28CBF673-DC07-4849-BC90-156D59D917D0}.Debug|x86.Build.0 = Debug|Any CPU
		{28CBF673-DC07-4849-BC90-156D59D917D0}.Release|Any CPU.ActiveCfg = Release|Any CPU
		{28CBF673-DC07-4849-BC90-156D59D917D0}.Release|Any CPU.Build.0 = Release|Any CPU
		{28CBF673-DC07-4849-BC90-156D59D917D0}.Release|x64.ActiveCfg = Release|Any CPU
		{28CBF673-DC07-4849-BC90-156D59D917D0}.Release|x64.Build.0 = Release|Any CPU
		{28CBF673-DC07-4849-BC90-156D59D917D0}.Release|x86.ActiveCfg = Release|Any CPU
		{28CBF673-DC07-4849-BC90-156D59D917D0}.Release|x86.Build.0 = Release|Any CPU
		{F11CD43E-688B-4BFA-B653-DF7D599066B4}.Debug|Any CPU.ActiveCfg = Debug|Any CPU
		{F11CD43E-688B-4BFA-B653-DF7D599066B4}.Debug|Any CPU.Build.0 = Debug|Any CPU
		{F11CD43E-688B-4BFA-B653-DF7D599066B4}.Debug|x64.ActiveCfg = Debug|Any CPU
		{F11CD43E-688B-4BFA-B653-DF7D599066B4}.Debug|x64.Build.0 = Debug|Any CPU
		{F11CD43E-688B-4BFA-B653-DF7D599066B4}.Debug|x86.ActiveCfg = Debug|Any CPU
		{F11CD43E-688B-4BFA-B653-DF7D599066B4}.Debug|x86.Build.0 = Debug|Any CPU
		{F11CD43E-688B-4BFA-B653-DF7D599066B4}.Release|Any CPU.ActiveCfg = Release|Any CPU
		{F11CD43E-688B-4BFA-B653-DF7D599066B4}.Release|Any CPU.Build.0 = Release|Any CPU
		{F11CD43E-688B-4BFA-B653-DF7D599066B4}.Release|x64.ActiveCfg = Release|Any CPU
		{F11CD43E-688B-4BFA-B653-DF7D599066B4}.Release|x64.Build.0 = Release|Any CPU
		{F11CD43E-688B-4BFA-B653-DF7D599066B4}.Release|x86.ActiveCfg = Release|Any CPU
		{F11CD43E-688B-4BFA-B653-DF7D599066B4}.Release|x86.Build.0 = Release|Any CPU
		{0A98CCA4-1FFE-4DEC-B27C-0DD21920B7CD}.Debug|Any CPU.ActiveCfg = Debug|Any CPU
		{0A98CCA4-1FFE-4DEC-B27C-0DD21920B7CD}.Debug|Any CPU.Build.0 = Debug|Any CPU
		{0A98CCA4-1FFE-4DEC-B27C-0DD21920B7CD}.Debug|x64.ActiveCfg = Debug|Any CPU
		{0A98CCA4-1FFE-4DEC-B27C-0DD21920B7CD}.Debug|x64.Build.0 = Debug|Any CPU
		{0A98CCA4-1FFE-4DEC-B27C-0DD21920B7CD}.Debug|x86.ActiveCfg = Debug|Any CPU
		{0A98CCA4-1FFE-4DEC-B27C-0DD21920B7CD}.Debug|x86.Build.0 = Debug|Any CPU
		{0A98CCA4-1FFE-4DEC-B27C-0DD21920B7CD}.Release|Any CPU.ActiveCfg = Release|Any CPU
		{0A98CCA4-1FFE-4DEC-B27C-0DD21920B7CD}.Release|Any CPU.Build.0 = Release|Any CPU
		{0A98CCA4-1FFE-4DEC-B27C-0DD21920B7CD}.Release|x64.ActiveCfg = Release|Any CPU
		{0A98CCA4-1FFE-4DEC-B27C-0DD21920B7CD}.Release|x64.Build.0 = Release|Any CPU
		{0A98CCA4-1FFE-4DEC-B27C-0DD21920B7CD}.Release|x86.ActiveCfg = Release|Any CPU
		{0A98CCA4-1FFE-4DEC-B27C-0DD21920B7CD}.Release|x86.Build.0 = Release|Any CPU
		{B237C939-C458-4414-B33B-4969B07E7C14}.Debug|Any CPU.ActiveCfg = Debug|Any CPU
		{B237C939-C458-4414-B33B-4969B07E7C14}.Debug|Any CPU.Build.0 = Debug|Any CPU
		{B237C939-C458-4414-B33B-4969B07E7C14}.Debug|x64.ActiveCfg = Debug|Any CPU
		{B237C939-C458-4414-B33B-4969B07E7C14}.Debug|x64.Build.0 = Debug|Any CPU
		{B237C939-C458-4414-B33B-4969B07E7C14}.Debug|x86.ActiveCfg = Debug|Any CPU
		{B237C939-C458-4414-B33B-4969B07E7C14}.Debug|x86.Build.0 = Debug|Any CPU
		{B237C939-C458-4414-B33B-4969B07E7C14}.Release|Any CPU.ActiveCfg = Release|Any CPU
		{B237C939-C458-4414-B33B-4969B07E7C14}.Release|Any CPU.Build.0 = Release|Any CPU
		{B237C939-C458-4414-B33B-4969B07E7C14}.Release|x64.ActiveCfg = Release|Any CPU
		{B237C939-C458-4414-B33B-4969B07E7C14}.Release|x64.Build.0 = Release|Any CPU
		{B237C939-C458-4414-B33B-4969B07E7C14}.Release|x86.ActiveCfg = Release|Any CPU
		{B237C939-C458-4414-B33B-4969B07E7C14}.Release|x86.Build.0 = Release|Any CPU
		{4AE5ED25-BB8B-48B1-9C8C-262D0208FCAF}.Debug|Any CPU.ActiveCfg = Debug|Any CPU
		{4AE5ED25-BB8B-48B1-9C8C-262D0208FCAF}.Debug|Any CPU.Build.0 = Debug|Any CPU
		{4AE5ED25-BB8B-48B1-9C8C-262D0208FCAF}.Debug|x64.ActiveCfg = Debug|Any CPU
		{4AE5ED25-BB8B-48B1-9C8C-262D0208FCAF}.Debug|x64.Build.0 = Debug|Any CPU
		{4AE5ED25-BB8B-48B1-9C8C-262D0208FCAF}.Debug|x86.ActiveCfg = Debug|Any CPU
		{4AE5ED25-BB8B-48B1-9C8C-262D0208FCAF}.Debug|x86.Build.0 = Debug|Any CPU
		{4AE5ED25-BB8B-48B1-9C8C-262D0208FCAF}.Release|Any CPU.ActiveCfg = Release|Any CPU
		{4AE5ED25-BB8B-48B1-9C8C-262D0208FCAF}.Release|Any CPU.Build.0 = Release|Any CPU
		{4AE5ED25-BB8B-48B1-9C8C-262D0208FCAF}.Release|x64.ActiveCfg = Release|Any CPU
		{4AE5ED25-BB8B-48B1-9C8C-262D0208FCAF}.Release|x64.Build.0 = Release|Any CPU
		{4AE5ED25-BB8B-48B1-9C8C-262D0208FCAF}.Release|x86.ActiveCfg = Release|Any CPU
		{4AE5ED25-BB8B-48B1-9C8C-262D0208FCAF}.Release|x86.Build.0 = Release|Any CPU
		{227C8DD6-D078-4229-A666-1FCD1540F56E}.Debug|Any CPU.ActiveCfg = Debug|Any CPU
		{227C8DD6-D078-4229-A666-1FCD1540F56E}.Debug|Any CPU.Build.0 = Debug|Any CPU
		{227C8DD6-D078-4229-A666-1FCD1540F56E}.Debug|x64.ActiveCfg = Debug|Any CPU
		{227C8DD6-D078-4229-A666-1FCD1540F56E}.Debug|x64.Build.0 = Debug|Any CPU
		{227C8DD6-D078-4229-A666-1FCD1540F56E}.Debug|x86.ActiveCfg = Debug|Any CPU
		{227C8DD6-D078-4229-A666-1FCD1540F56E}.Debug|x86.Build.0 = Debug|Any CPU
		{227C8DD6-D078-4229-A666-1FCD1540F56E}.Release|Any CPU.ActiveCfg = Release|Any CPU
		{227C8DD6-D078-4229-A666-1FCD1540F56E}.Release|Any CPU.Build.0 = Release|Any CPU
		{227C8DD6-D078-4229-A666-1FCD1540F56E}.Release|x64.ActiveCfg = Release|Any CPU
		{227C8DD6-D078-4229-A666-1FCD1540F56E}.Release|x64.Build.0 = Release|Any CPU
		{227C8DD6-D078-4229-A666-1FCD1540F56E}.Release|x86.ActiveCfg = Release|Any CPU
		{227C8DD6-D078-4229-A666-1FCD1540F56E}.Release|x86.Build.0 = Release|Any CPU
		{697B5D54-6388-487E-BD44-43BD3E337200}.Debug|Any CPU.ActiveCfg = Debug|Any CPU
		{697B5D54-6388-487E-BD44-43BD3E337200}.Debug|Any CPU.Build.0 = Debug|Any CPU
		{697B5D54-6388-487E-BD44-43BD3E337200}.Debug|x64.ActiveCfg = Debug|Any CPU
		{697B5D54-6388-487E-BD44-43BD3E337200}.Debug|x64.Build.0 = Debug|Any CPU
		{697B5D54-6388-487E-BD44-43BD3E337200}.Debug|x86.ActiveCfg = Debug|Any CPU
		{697B5D54-6388-487E-BD44-43BD3E337200}.Debug|x86.Build.0 = Debug|Any CPU
		{697B5D54-6388-487E-BD44-43BD3E337200}.Release|Any CPU.ActiveCfg = Release|Any CPU
		{697B5D54-6388-487E-BD44-43BD3E337200}.Release|Any CPU.Build.0 = Release|Any CPU
		{697B5D54-6388-487E-BD44-43BD3E337200}.Release|x64.ActiveCfg = Release|Any CPU
		{697B5D54-6388-487E-BD44-43BD3E337200}.Release|x64.Build.0 = Release|Any CPU
		{697B5D54-6388-487E-BD44-43BD3E337200}.Release|x86.ActiveCfg = Release|Any CPU
		{697B5D54-6388-487E-BD44-43BD3E337200}.Release|x86.Build.0 = Release|Any CPU
		{C6D1A2C5-7B9F-466A-B684-3ED434E8CF1E}.Debug|Any CPU.ActiveCfg = Debug|Any CPU
		{C6D1A2C5-7B9F-466A-B684-3ED434E8CF1E}.Debug|Any CPU.Build.0 = Debug|Any CPU
		{C6D1A2C5-7B9F-466A-B684-3ED434E8CF1E}.Debug|x64.ActiveCfg = Debug|Any CPU
		{C6D1A2C5-7B9F-466A-B684-3ED434E8CF1E}.Debug|x64.Build.0 = Debug|Any CPU
		{C6D1A2C5-7B9F-466A-B684-3ED434E8CF1E}.Debug|x86.ActiveCfg = Debug|Any CPU
		{C6D1A2C5-7B9F-466A-B684-3ED434E8CF1E}.Debug|x86.Build.0 = Debug|Any CPU
		{C6D1A2C5-7B9F-466A-B684-3ED434E8CF1E}.Release|Any CPU.ActiveCfg = Release|Any CPU
		{C6D1A2C5-7B9F-466A-B684-3ED434E8CF1E}.Release|Any CPU.Build.0 = Release|Any CPU
		{C6D1A2C5-7B9F-466A-B684-3ED434E8CF1E}.Release|x64.ActiveCfg = Release|Any CPU
		{C6D1A2C5-7B9F-466A-B684-3ED434E8CF1E}.Release|x64.Build.0 = Release|Any CPU
		{C6D1A2C5-7B9F-466A-B684-3ED434E8CF1E}.Release|x86.ActiveCfg = Release|Any CPU
		{C6D1A2C5-7B9F-466A-B684-3ED434E8CF1E}.Release|x86.Build.0 = Release|Any CPU
		{40A6AB44-DF4C-4285-AA08-677C206A9D3D}.Debug|Any CPU.ActiveCfg = Debug|Any CPU
		{40A6AB44-DF4C-4285-AA08-677C206A9D3D}.Debug|Any CPU.Build.0 = Debug|Any CPU
		{40A6AB44-DF4C-4285-AA08-677C206A9D3D}.Debug|x64.ActiveCfg = Debug|Any CPU
		{40A6AB44-DF4C-4285-AA08-677C206A9D3D}.Debug|x64.Build.0 = Debug|Any CPU
		{40A6AB44-DF4C-4285-AA08-677C206A9D3D}.Debug|x86.ActiveCfg = Debug|Any CPU
		{40A6AB44-DF4C-4285-AA08-677C206A9D3D}.Debug|x86.Build.0 = Debug|Any CPU
		{40A6AB44-DF4C-4285-AA08-677C206A9D3D}.Release|Any CPU.ActiveCfg = Release|Any CPU
		{40A6AB44-DF4C-4285-AA08-677C206A9D3D}.Release|Any CPU.Build.0 = Release|Any CPU
		{40A6AB44-DF4C-4285-AA08-677C206A9D3D}.Release|x64.ActiveCfg = Release|Any CPU
		{40A6AB44-DF4C-4285-AA08-677C206A9D3D}.Release|x64.Build.0 = Release|Any CPU
		{40A6AB44-DF4C-4285-AA08-677C206A9D3D}.Release|x86.ActiveCfg = Release|Any CPU
		{40A6AB44-DF4C-4285-AA08-677C206A9D3D}.Release|x86.Build.0 = Release|Any CPU
		{803E726C-6D47-495B-BBC4-E2EFA054145C}.Debug|Any CPU.ActiveCfg = Debug|Any CPU
		{803E726C-6D47-495B-BBC4-E2EFA054145C}.Debug|Any CPU.Build.0 = Debug|Any CPU
		{803E726C-6D47-495B-BBC4-E2EFA054145C}.Debug|x64.ActiveCfg = Debug|Any CPU
		{803E726C-6D47-495B-BBC4-E2EFA054145C}.Debug|x64.Build.0 = Debug|Any CPU
		{803E726C-6D47-495B-BBC4-E2EFA054145C}.Debug|x86.ActiveCfg = Debug|Any CPU
		{803E726C-6D47-495B-BBC4-E2EFA054145C}.Debug|x86.Build.0 = Debug|Any CPU
		{803E726C-6D47-495B-BBC4-E2EFA054145C}.Release|Any CPU.ActiveCfg = Release|Any CPU
		{803E726C-6D47-495B-BBC4-E2EFA054145C}.Release|Any CPU.Build.0 = Release|Any CPU
		{803E726C-6D47-495B-BBC4-E2EFA054145C}.Release|x64.ActiveCfg = Release|Any CPU
		{803E726C-6D47-495B-BBC4-E2EFA054145C}.Release|x64.Build.0 = Release|Any CPU
		{803E726C-6D47-495B-BBC4-E2EFA054145C}.Release|x86.ActiveCfg = Release|Any CPU
		{803E726C-6D47-495B-BBC4-E2EFA054145C}.Release|x86.Build.0 = Release|Any CPU
		{97D9A50F-8564-403F-BDEA-264FA898608B}.Debug|Any CPU.ActiveCfg = Debug|Any CPU
		{97D9A50F-8564-403F-BDEA-264FA898608B}.Debug|Any CPU.Build.0 = Debug|Any CPU
		{97D9A50F-8564-403F-BDEA-264FA898608B}.Debug|x64.ActiveCfg = Debug|Any CPU
		{97D9A50F-8564-403F-BDEA-264FA898608B}.Debug|x64.Build.0 = Debug|Any CPU
		{97D9A50F-8564-403F-BDEA-264FA898608B}.Debug|x86.ActiveCfg = Debug|Any CPU
		{97D9A50F-8564-403F-BDEA-264FA898608B}.Debug|x86.Build.0 = Debug|Any CPU
		{97D9A50F-8564-403F-BDEA-264FA898608B}.Release|Any CPU.ActiveCfg = Release|Any CPU
		{97D9A50F-8564-403F-BDEA-264FA898608B}.Release|Any CPU.Build.0 = Release|Any CPU
		{97D9A50F-8564-403F-BDEA-264FA898608B}.Release|x64.ActiveCfg = Release|Any CPU
		{97D9A50F-8564-403F-BDEA-264FA898608B}.Release|x64.Build.0 = Release|Any CPU
		{97D9A50F-8564-403F-BDEA-264FA898608B}.Release|x86.ActiveCfg = Release|Any CPU
		{97D9A50F-8564-403F-BDEA-264FA898608B}.Release|x86.Build.0 = Release|Any CPU
		{FB5C067D-E3D9-4CDD-8DFA-966E0555DB87}.Debug|Any CPU.ActiveCfg = Debug|Any CPU
		{FB5C067D-E3D9-4CDD-8DFA-966E0555DB87}.Debug|Any CPU.Build.0 = Debug|Any CPU
		{FB5C067D-E3D9-4CDD-8DFA-966E0555DB87}.Debug|x64.ActiveCfg = Debug|Any CPU
		{FB5C067D-E3D9-4CDD-8DFA-966E0555DB87}.Debug|x64.Build.0 = Debug|Any CPU
		{FB5C067D-E3D9-4CDD-8DFA-966E0555DB87}.Debug|x86.ActiveCfg = Debug|Any CPU
		{FB5C067D-E3D9-4CDD-8DFA-966E0555DB87}.Debug|x86.Build.0 = Debug|Any CPU
		{FB5C067D-E3D9-4CDD-8DFA-966E0555DB87}.Release|Any CPU.ActiveCfg = Release|Any CPU
		{FB5C067D-E3D9-4CDD-8DFA-966E0555DB87}.Release|Any CPU.Build.0 = Release|Any CPU
		{FB5C067D-E3D9-4CDD-8DFA-966E0555DB87}.Release|x64.ActiveCfg = Release|Any CPU
		{FB5C067D-E3D9-4CDD-8DFA-966E0555DB87}.Release|x64.Build.0 = Release|Any CPU
		{FB5C067D-E3D9-4CDD-8DFA-966E0555DB87}.Release|x86.ActiveCfg = Release|Any CPU
		{FB5C067D-E3D9-4CDD-8DFA-966E0555DB87}.Release|x86.Build.0 = Release|Any CPU
		{704E56E4-0055-4664-BC69-12904D053049}.Debug|Any CPU.ActiveCfg = Debug|Any CPU
		{704E56E4-0055-4664-BC69-12904D053049}.Debug|Any CPU.Build.0 = Debug|Any CPU
		{704E56E4-0055-4664-BC69-12904D053049}.Debug|x64.ActiveCfg = Debug|Any CPU
		{704E56E4-0055-4664-BC69-12904D053049}.Debug|x64.Build.0 = Debug|Any CPU
		{704E56E4-0055-4664-BC69-12904D053049}.Debug|x86.ActiveCfg = Debug|Any CPU
		{704E56E4-0055-4664-BC69-12904D053049}.Debug|x86.Build.0 = Debug|Any CPU
		{704E56E4-0055-4664-BC69-12904D053049}.Release|Any CPU.ActiveCfg = Release|Any CPU
		{704E56E4-0055-4664-BC69-12904D053049}.Release|Any CPU.Build.0 = Release|Any CPU
		{704E56E4-0055-4664-BC69-12904D053049}.Release|x64.ActiveCfg = Release|Any CPU
		{704E56E4-0055-4664-BC69-12904D053049}.Release|x64.Build.0 = Release|Any CPU
		{704E56E4-0055-4664-BC69-12904D053049}.Release|x86.ActiveCfg = Release|Any CPU
		{704E56E4-0055-4664-BC69-12904D053049}.Release|x86.Build.0 = Release|Any CPU
	EndGlobalSection
	GlobalSection(SolutionProperties) = preSolution
		HideSolutionNode = FALSE
	EndGlobalSection
	GlobalSection(NestedProjects) = preSolution
		{E1901E9A-BC0F-4251-970C-1D56A90842EA} = {827E0CD3-B72D-47B6-A68D-7590B98EB39B}
		{9272250B-2F6D-45D3-8A9E-ECE44AC5C173} = {827E0CD3-B72D-47B6-A68D-7590B98EB39B}
		{28CBF673-DC07-4849-BC90-156D59D917D0} = {827E0CD3-B72D-47B6-A68D-7590B98EB39B}
		{F11CD43E-688B-4BFA-B653-DF7D599066B4} = {827E0CD3-B72D-47B6-A68D-7590B98EB39B}
		{0A98CCA4-1FFE-4DEC-B27C-0DD21920B7CD} = {827E0CD3-B72D-47B6-A68D-7590B98EB39B}
		{B237C939-C458-4414-B33B-4969B07E7C14} = {827E0CD3-B72D-47B6-A68D-7590B98EB39B}
		{4AE5ED25-BB8B-48B1-9C8C-262D0208FCAF} = {827E0CD3-B72D-47B6-A68D-7590B98EB39B}
		{227C8DD6-D078-4229-A666-1FCD1540F56E} = {827E0CD3-B72D-47B6-A68D-7590B98EB39B}
		{697B5D54-6388-487E-BD44-43BD3E337200} = {827E0CD3-B72D-47B6-A68D-7590B98EB39B}
		{C6D1A2C5-7B9F-466A-B684-3ED434E8CF1E} = {0AB3BF05-4346-4AA6-1389-037BE0695223}
		{40A6AB44-DF4C-4285-AA08-677C206A9D3D} = {0AB3BF05-4346-4AA6-1389-037BE0695223}
		{803E726C-6D47-495B-BBC4-E2EFA054145C} = {0AB3BF05-4346-4AA6-1389-037BE0695223}
		{97D9A50F-8564-403F-BDEA-264FA898608B} = {827E0CD3-B72D-47B6-A68D-7590B98EB39B}
		{FB5C067D-E3D9-4CDD-8DFA-966E0555DB87} = {827E0CD3-B72D-47B6-A68D-7590B98EB39B}
		{704E56E4-0055-4664-BC69-12904D053049} = {827E0CD3-B72D-47B6-A68D-7590B98EB39B}
	EndGlobalSection
EndGlobal
